
Microsoft Visual Studio Solution File, Format Version 12.00
# Visual Studio Version 17
VisualStudioVersion = 17.6.33723.286
MinimumVisualStudioVersion = 10.0.40219.1
Project("{9A19103F-16F7-4668-BE54-9A1E7A4F7556}") = "ChatApp.Blazor.Server", "ChatApp.Blazor\Server\ChatApp.Blazor.Server.csproj", "{F89370CF-46AA-4B03-A549-C522296D3447}"
EndProject
Project("{9A19103F-16F7-4668-BE54-9A1E7A4F7556}") = "ChatApp.Blazor.Client", "ChatApp.Blazor\Client\ChatApp.Blazor.Client.csproj", "{0EBDD83A-AC3E-4BDE-A031-92228478165A}"
EndProject
Project("{9A19103F-16F7-4668-BE54-9A1E7A4F7556}") = "ChatApp.Blazor.Shared", "ChatApp.Blazor\Shared\ChatApp.Blazor.Shared.csproj", "{88CD8FEC-FAA8-4689-AD2D-79ACB768968E}"
EndProject
Global
	GlobalSection(SolutionConfigurationPlatforms) = preSolution
		Debug|Any CPU = Debug|Any CPU
		Release|Any CPU = Release|Any CPU
	EndGlobalSection
	GlobalSection(ProjectConfigurationPlatforms) = postSolution
		{F89370CF-46AA-4B03-A549-C522296D3447}.Debug|Any CPU.ActiveCfg = Debug|Any CPU
		{F89370CF-46AA-4B03-A549-C522296D3447}.Debug|Any CPU.Build.0 = Debug|Any CPU
		{F89370CF-46AA-4B03-A549-C522296D3447}.Release|Any CPU.ActiveCfg = Release|Any CPU
		{F89370CF-46AA-4B03-A549-C522296D3447}.Release|Any CPU.Build.0 = Release|Any CPU
		{0EBDD83A-AC3E-4BDE-A031-92228478165A}.Debug|Any CPU.ActiveCfg = Debug|Any CPU
		{0EBDD83A-AC3E-4BDE-A031-92228478165A}.Debug|Any CPU.Build.0 = Debug|Any CPU
		{0EBDD83A-AC3E-4BDE-A031-92228478165A}.Release|Any CPU.ActiveCfg = Release|Any CPU
		{0EBDD83A-AC3E-4BDE-A031-92228478165A}.Release|Any CPU.Build.0 = Release|Any CPU
		{88CD8FEC-FAA8-4689-AD2D-79ACB768968E}.Debug|Any CPU.ActiveCfg = Debug|Any CPU
		{88CD8FEC-FAA8-4689-AD2D-79ACB768968E}.Debug|Any CPU.Build.0 = Debug|Any CPU
		{88CD8FEC-FAA8-4689-AD2D-79ACB768968E}.Release|Any CPU.ActiveCfg = Release|Any CPU
		{88CD8FEC-FAA8-4689-AD2D-79ACB768968E}.Release|Any CPU.Build.0 = Release|Any CPU
	EndGlobalSection
	GlobalSection(SolutionProperties) = preSolution
		HideSolutionNode = FALSE
	EndGlobalSection
	GlobalSection(ExtensibilityGlobals) = postSolution
		SolutionGuid = {11328EAE-4B45-4FBD-B754-4AC7D8FDF721}
	EndGlobalSection
EndGlobal
